
Microsoft Visual Studio Solution File, Format Version 12.00
# Visual Studio Version 17
VisualStudioVersion = 17.0.31912.275
MinimumVisualStudioVersion = 10.0.40219.1
Project("{FAE04EC0-301F-11D3-BF4B-00C04F79EFBC}") = "SpecFlowProject1", "SpecFlowProject1\SpecFlowProject1.csproj", "{FB9DD4E0-EAF7-4779-BAAC-A0732FBD4EDE}"
EndProject
Global
	GlobalSection(SolutionConfigurationPlatforms) = preSolution
		Debug|Any CPU = Debug|Any CPU
		Release|Any CPU = Release|Any CPU
	EndGlobalSection
	GlobalSection(ProjectConfigurationPlatforms) = postSolution
		{FB9DD4E0-EAF7-4779-BAAC-A0732FBD4EDE}.Debug|Any CPU.ActiveCfg = Debug|Any CPU
		{FB9DD4E0-EAF7-4779-BAAC-A0732FBD4EDE}.Debug|Any CPU.Build.0 = Debug|Any CPU
		{FB9DD4E0-EAF7-4779-BAAC-A0732FBD4EDE}.Release|Any CPU.ActiveCfg = Release|Any CPU
		{FB9DD4E0-EAF7-4779-BAAC-A0732FBD4EDE}.Release|Any CPU.Build.0 = Release|Any CPU
	EndGlobalSection
	GlobalSection(SolutionProperties) = preSolution
		HideSolutionNode = FALSE
	EndGlobalSection
	GlobalSection(ExtensibilityGlobals) = postSolution
		SolutionGuid = {20209A37-3B47-4196-87F7-4912B49A61D1}
	EndGlobalSection
EndGlobal
